
Microsoft Visual Studio Solution File, Format Version 12.00
# Visual Studio 15
VisualStudioVersion = 15.0.26124.0
MinimumVisualStudioVersion = 15.0.26124.0
Project("{2150E333-8FDC-42A3-9474-1A3956D46DE8}") = "DIKUArcade", "DIKUArcade", "{14D28CBA-806A-40A9-90F2-0D9D5A764576}"
EndProject
Project("{FAE04EC0-301F-11D3-BF4B-00C04F79EFBC}") = "DIKUArcade", "DIKUArcade\DIKUArcade\DIKUArcade.csproj", "{19AD68B8-B1AB-408E-A22A-01C436AF9A9E}"
EndProject
Project("{FAE04EC0-301F-11D3-BF4B-00C04F79EFBC}") = "Galaga", "Galaga\Galaga.csproj", "{CB1FB8A5-8460-492C-A577-B1A5DC3CF00C}"
EndProject
Global
	GlobalSection(SolutionConfigurationPlatforms) = preSolution
		Debug|Any CPU = Debug|Any CPU
		Debug|x64 = Debug|x64
		Debug|x86 = Debug|x86
		Release|Any CPU = Release|Any CPU
		Release|x64 = Release|x64
		Release|x86 = Release|x86
	EndGlobalSection
	GlobalSection(SolutionProperties) = preSolution
		HideSolutionNode = FALSE
	EndGlobalSection
	GlobalSection(ProjectConfigurationPlatforms) = postSolution
		{19AD68B8-B1AB-408E-A22A-01C436AF9A9E}.Debug|Any CPU.ActiveCfg = Debug|Any CPU
		{19AD68B8-B1AB-408E-A22A-01C436AF9A9E}.Debug|Any CPU.Build.0 = Debug|Any CPU
		{19AD68B8-B1AB-408E-A22A-01C436AF9A9E}.Debug|x64.ActiveCfg = Debug|Any CPU
		{19AD68B8-B1AB-408E-A22A-01C436AF9A9E}.Debug|x64.Build.0 = Debug|Any CPU
		{19AD68B8-B1AB-408E-A22A-01C436AF9A9E}.Debug|x86.ActiveCfg = Debug|Any CPU
		{19AD68B8-B1AB-408E-A22A-01C436AF9A9E}.Debug|x86.Build.0 = Debug|Any CPU
		{19AD68B8-B1AB-408E-A22A-01C436AF9A9E}.Release|Any CPU.ActiveCfg = Release|Any CPU
		{19AD68B8-B1AB-408E-A22A-01C436AF9A9E}.Release|Any CPU.Build.0 = Release|Any CPU
		{19AD68B8-B1AB-408E-A22A-01C436AF9A9E}.Release|x64.ActiveCfg = Release|Any CPU
		{19AD68B8-B1AB-408E-A22A-01C436AF9A9E}.Release|x64.Build.0 = Release|Any CPU
		{19AD68B8-B1AB-408E-A22A-01C436AF9A9E}.Release|x86.ActiveCfg = Release|Any CPU
		{19AD68B8-B1AB-408E-A22A-01C436AF9A9E}.Release|x86.Build.0 = Release|Any CPU
		{CB1FB8A5-8460-492C-A577-B1A5DC3CF00C}.Debug|Any CPU.ActiveCfg = Debug|Any CPU
		{CB1FB8A5-8460-492C-A577-B1A5DC3CF00C}.Debug|Any CPU.Build.0 = Debug|Any CPU
		{CB1FB8A5-8460-492C-A577-B1A5DC3CF00C}.Debug|x64.ActiveCfg = Debug|Any CPU
		{CB1FB8A5-8460-492C-A577-B1A5DC3CF00C}.Debug|x64.Build.0 = Debug|Any CPU
		{CB1FB8A5-8460-492C-A577-B1A5DC3CF00C}.Debug|x86.ActiveCfg = Debug|Any CPU
		{CB1FB8A5-8460-492C-A577-B1A5DC3CF00C}.Debug|x86.Build.0 = Debug|Any CPU
		{CB1FB8A5-8460-492C-A577-B1A5DC3CF00C}.Release|Any CPU.ActiveCfg = Release|Any CPU
		{CB1FB8A5-8460-492C-A577-B1A5DC3CF00C}.Release|Any CPU.Build.0 = Release|Any CPU
		{CB1FB8A5-8460-492C-A577-B1A5DC3CF00C}.Release|x64.ActiveCfg = Release|Any CPU
		{CB1FB8A5-8460-492C-A577-B1A5DC3CF00C}.Release|x64.Build.0 = Release|Any CPU
		{CB1FB8A5-8460-492C-A577-B1A5DC3CF00C}.Release|x86.ActiveCfg = Release|Any CPU
		{CB1FB8A5-8460-492C-A577-B1A5DC3CF00C}.Release|x86.Build.0 = Release|Any CPU
	EndGlobalSection
	GlobalSection(NestedProjects) = preSolution
		{19AD68B8-B1AB-408E-A22A-01C436AF9A9E} = {14D28CBA-806A-40A9-90F2-0D9D5A764576}
	EndGlobalSection
EndGlobal
